// !$*UTF8*$!
{
	archiveVersion = 1;
	classes = {
	};
	objectVersion = 77;
	objects = {

/* Begin PBXBuildFile section */
		7C1081192D78B9F50002B941 /* Sun.swift in Sources */ = {isa = PBXBuildFile; fileRef = 7C1081182D78B9F50002B941 /* Sun.swift */; };
		7C2464022D7CB3B600C4E29A /* EPHHRClass.swift in Sources */ = {isa = PBXBuildFile; fileRef = 7C2464012D7CB3B600C4E29A /* EPHHRClass.swift */; };
		7C33B84D2D7EE09700590229 /* Horologium.swift in Sources */ = {isa = PBXBuildFile; fileRef = 7C33B84C2D7EE09700590229 /* Horologium.swift */; };
		7C33B84F2D7F3A6200590229 /* EPHStar.swift in Sources */ = {isa = PBXBuildFile; fileRef = 7C33B84E2D7F3A6200590229 /* EPHStar.swift */; };
		7C33B8512D7F400A00590229 /* EPHConstellation.swift in Sources */ = {isa = PBXBuildFile; fileRef = 7C33B8502D7F400A00590229 /* EPHConstellation.swift */; };
		7C33B8552D7F405400590229 /* StarData.swift in Sources */ = {isa = PBXBuildFile; fileRef = 7C33B8542D7F405400590229 /* StarData.swift */; };
		7C33B8572D7F407600590229 /* StarDatabase.swift in Sources */ = {isa = PBXBuildFile; fileRef = 7C33B8562D7F407600590229 /* StarDatabase.swift */; };
		7C33B85B2D7F435F00590229 /* bsc5.json in Resources */ = {isa = PBXBuildFile; fileRef = 7C33B85A2D7F435F00590229 /* bsc5.json */; };
		7C33B8602D80221600590229 /* EPHZodiacSign.swift in Sources */ = {isa = PBXBuildFile; fileRef = 7C33B85F2D80221600590229 /* EPHZodiacSign.swift */; };
		7C4BACAB2D82DE5300AEED2F /* StereographicUI in Frameworks */ = {isa = PBXBuildFile; productRef = 7C4BACAA2D82DE5300AEED2F /* StereographicUI */; };
		7C4BACAF2D82E1CA00AEED2F /* JSONListView.swift in Sources */ = {isa = PBXBuildFile; fileRef = 7C4BACAD2D82E1CA00AEED2F /* JSONListView.swift */; };
		7C4BACB52D82F29E00AEED2F /* Angle+Ext.swift in Sources */ = {isa = PBXBuildFile; fileRef = 7C4BACB42D82F29E00AEED2F /* Angle+Ext.swift */; };
		7C88DD072D6E1CC700E61076 /* FiloClockApp.swift in Sources */ = {isa = PBXBuildFile; fileRef = 7C88DD042D6E1CC700E61076 /* FiloClockApp.swift */; };
		7C88DD082D6E1CC700E61076 /* Preview Assets.xcassets in Resources */ = {isa = PBXBuildFile; fileRef = 7C88DCFF2D6E1CC700E61076 /* Preview Assets.xcassets */; };
		7C88DD092D6E1CC700E61076 /* Assets.xcassets in Resources */ = {isa = PBXBuildFile; fileRef = 7C88DD012D6E1CC700E61076 /* Assets.xcassets */; };
		7C88DD0B2D6E24D600E61076 /* SolarTimeClockHand.swift in Sources */ = {isa = PBXBuildFile; fileRef = 7C88DD0A2D6E24D600E61076 /* SolarTimeClockHand.swift */; };
		7C8AA03A2D6F0E7300B75321 /* SunMoonData.swift in Sources */ = {isa = PBXBuildFile; fileRef = 7C8AA0392D6F0E7300B75321 /* SunMoonData.swift */; };
		7C8AA03C2D6F114500B75321 /* WatchCrown.swift in Sources */ = {isa = PBXBuildFile; fileRef = 7C8AA03B2D6F114500B75321 /* WatchCrown.swift */; };
		7C8DC0FB2D7AE31300E39224 /* GridProjection.swift in Sources */ = {isa = PBXBuildFile; fileRef = 7C8DC0FA2D7AE31300E39224 /* GridProjection.swift */; };
		7C8DC0FD2D7C38C300E39224 /* EPHStarProjection.swift in Sources */ = {isa = PBXBuildFile; fileRef = 7C8DC0FC2D7C38C300E39224 /* EPHStarProjection.swift */; };
		7C9B4DC52D72F88F00198684 /* ControlBox.swift in Sources */ = {isa = PBXBuildFile; fileRef = 7C9B4DC42D72F88F00198684 /* ControlBox.swift */; };
		7CDF988E2D75B69C00F3EA72 /* EquatorAndTropicsProjection.swift in Sources */ = {isa = PBXBuildFile; fileRef = 7CDF988C2D75B69C00F3EA72 /* EquatorAndTropicsProjection.swift */; };
		7CFFDFC32D70D4EB00511946 /* SunsetHorizons.swift in Sources */ = {isa = PBXBuildFile; fileRef = 7CFFDFC22D70D4EB00511946 /* SunsetHorizons.swift */; };
		7CFFDFC72D70D55900511946 /* MainView.swift in Sources */ = {isa = PBXBuildFile; fileRef = 7CFFDFC62D70D55900511946 /* MainView.swift */; };
/* End PBXBuildFile section */

/* Begin PBXFileReference section */
		7C1081182D78B9F50002B941 /* Sun.swift */ = {isa = PBXFileReference; lastKnownFileType = sourcecode.swift; path = Sun.swift; sourceTree = "<group>"; };
		7C2464012D7CB3B600C4E29A /* EPHHRClass.swift */ = {isa = PBXFileReference; lastKnownFileType = sourcecode.swift; path = EPHHRClass.swift; sourceTree = "<group>"; };
		7C33B84C2D7EE09700590229 /* Horologium.swift */ = {isa = PBXFileReference; lastKnownFileType = sourcecode.swift; path = Horologium.swift; sourceTree = "<group>"; };
		7C33B84E2D7F3A6200590229 /* EPHStar.swift */ = {isa = PBXFileReference; lastKnownFileType = sourcecode.swift; path = EPHStar.swift; sourceTree = "<group>"; };
		7C33B8502D7F400A00590229 /* EPHConstellation.swift */ = {isa = PBXFileReference; lastKnownFileType = sourcecode.swift; path = EPHConstellation.swift; sourceTree = "<group>"; };
		7C33B8542D7F405400590229 /* StarData.swift */ = {isa = PBXFileReference; lastKnownFileType = sourcecode.swift; path = StarData.swift; sourceTree = "<group>"; };
		7C33B8562D7F407600590229 /* StarDatabase.swift */ = {isa = PBXFileReference; lastKnownFileType = sourcecode.swift; path = StarDatabase.swift; sourceTree = "<group>"; };
		7C33B85A2D7F435F00590229 /* bsc5.json */ = {isa = PBXFileReference; lastKnownFileType = text.json; path = bsc5.json; sourceTree = "<group>"; };
		7C33B85F2D80221600590229 /* EPHZodiacSign.swift */ = {isa = PBXFileReference; lastKnownFileType = sourcecode.swift; path = EPHZodiacSign.swift; sourceTree = "<group>"; };
		7C4BACA82D82DCFB00AEED2F /* StereographicUI */ = {isa = PBXFileReference; lastKnownFileType = wrapper; name = StereographicUI; path = ../StereographicUI; sourceTree = SOURCE_ROOT; };
		7C4BACAD2D82E1CA00AEED2F /* JSONListView.swift */ = {isa = PBXFileReference; lastKnownFileType = sourcecode.swift; path = JSONListView.swift; sourceTree = "<group>"; };
		7C4BACB42D82F29E00AEED2F /* Angle+Ext.swift */ = {isa = PBXFileReference; lastKnownFileType = sourcecode.swift; path = "Angle+Ext.swift"; sourceTree = "<group>"; };
		7C88DCED2D6E1CC100E61076 /* FiloClock.app */ = {isa = PBXFileReference; explicitFileType = wrapper.application; includeInIndex = 0; path = FiloClock.app; sourceTree = BUILT_PRODUCTS_DIR; };
		7C88DCFF2D6E1CC700E61076 /* Preview Assets.xcassets */ = {isa = PBXFileReference; lastKnownFileType = folder.assetcatalog; path = "Preview Assets.xcassets"; sourceTree = "<group>"; };
		7C88DD012D6E1CC700E61076 /* Assets.xcassets */ = {isa = PBXFileReference; lastKnownFileType = folder.assetcatalog; path = Assets.xcassets; sourceTree = "<group>"; };
		7C88DD032D6E1CC700E61076 /* FiloClock.entitlements */ = {isa = PBXFileReference; lastKnownFileType = text.plist.entitlements; path = FiloClock.entitlements; sourceTree = "<group>"; };
		7C88DD042D6E1CC700E61076 /* FiloClockApp.swift */ = {isa = PBXFileReference; lastKnownFileType = sourcecode.swift; path = FiloClockApp.swift; sourceTree = "<group>"; };
		7C88DD0A2D6E24D600E61076 /* SolarTimeClockHand.swift */ = {isa = PBXFileReference; lastKnownFileType = sourcecode.swift; path = SolarTimeClockHand.swift; sourceTree = "<group>"; };
		7C8AA0392D6F0E7300B75321 /* SunMoonData.swift */ = {isa = PBXFileReference; lastKnownFileType = sourcecode.swift; path = SunMoonData.swift; sourceTree = "<group>"; };
		7C8AA03B2D6F114500B75321 /* WatchCrown.swift */ = {isa = PBXFileReference; lastKnownFileType = sourcecode.swift; path = WatchCrown.swift; sourceTree = "<group>"; };
		7C8DC0FA2D7AE31300E39224 /* GridProjection.swift */ = {isa = PBXFileReference; lastKnownFileType = sourcecode.swift; path = GridProjection.swift; sourceTree = "<group>"; };
		7C8DC0FC2D7C38C300E39224 /* EPHStarProjection.swift */ = {isa = PBXFileReference; lastKnownFileType = sourcecode.swift; path = EPHStarProjection.swift; sourceTree = "<group>"; };
		7C9B4DC42D72F88F00198684 /* ControlBox.swift */ = {isa = PBXFileReference; lastKnownFileType = sourcecode.swift; path = ControlBox.swift; sourceTree = "<group>"; };
		7CDF988C2D75B69C00F3EA72 /* EquatorAndTropicsProjection.swift */ = {isa = PBXFileReference; lastKnownFileType = sourcecode.swift; path = EquatorAndTropicsProjection.swift; sourceTree = "<group>"; };
		7CFFDFC22D70D4EB00511946 /* SunsetHorizons.swift */ = {isa = PBXFileReference; lastKnownFileType = sourcecode.swift; path = SunsetHorizons.swift; sourceTree = "<group>"; };
		7CFFDFC62D70D55900511946 /* MainView.swift */ = {isa = PBXFileReference; lastKnownFileType = sourcecode.swift; path = MainView.swift; sourceTree = "<group>"; };
/* End PBXFileReference section */

/* Begin PBXFrameworksBuildPhase section */
		7C88DCEA2D6E1CC100E61076 /* Frameworks */ = {
			isa = PBXFrameworksBuildPhase;
			buildActionMask = 2147483647;
			files = (
				7C4BACAB2D82DE5300AEED2F /* StereographicUI in Frameworks */,
			);
			runOnlyForDeploymentPostprocessing = 0;
		};
/* End PBXFrameworksBuildPhase section */

/* Begin PBXGroup section */
		7C10811D2D78C1CB0002B941 /* Extensions */ = {
			isa = PBXGroup;
			children = (
				7C4BACB42D82F29E00AEED2F /* Angle+Ext.swift */,
			);
			path = Extensions;
			sourceTree = "<group>";
		};
		7C33B8532D7F404800590229 /* EPHModel */ = {
			isa = PBXGroup;
			children = (
				7C33B85F2D80221600590229 /* EPHZodiacSign.swift */,
				7C33B84E2D7F3A6200590229 /* EPHStar.swift */,
				7C33B8502D7F400A00590229 /* EPHConstellation.swift */,
				7C2464012D7CB3B600C4E29A /* EPHHRClass.swift */,
				7C4BACB12D82E60C00AEED2F /* JSONTypes */,
			);
			path = EPHModel;
			sourceTree = "<group>";
		};
		7C33B8632D819CAD00590229 /* Horologiums */ = {
			isa = PBXGroup;
			children = (
				7C33B84C2D7EE09700590229 /* Horologium.swift */,
				7C9B4DCB2D72FDF700198684 /* Components */,
			);
			path = Horologiums;
			sourceTree = "<group>";
		};
		7C4BACA92D82DE5300AEED2F /* Frameworks */ = {
			isa = PBXGroup;
			children = (
			);
			name = Frameworks;
			sourceTree = "<group>";
		};
		7C4BACAE2D82E1CA00AEED2F /* Helpers */ = {
			isa = PBXGroup;
			children = (
				7C8AA0392D6F0E7300B75321 /* SunMoonData.swift */,
				7C4BACAD2D82E1CA00AEED2F /* JSONListView.swift */,
			);
			path = Helpers;
			sourceTree = "<group>";
		};
		7C4BACB12D82E60C00AEED2F /* JSONTypes */ = {
			isa = PBXGroup;
			children = (
				7C33B8542D7F405400590229 /* StarData.swift */,
				7C33B8562D7F407600590229 /* StarDatabase.swift */,
			);
			path = JSONTypes;
			sourceTree = "<group>";
		};
		7C88DCE42D6E1CC100E61076 = {
			isa = PBXGroup;
			children = (
				7C88DD052D6E1CC700E61076 /* FiloClock */,
				7C4BACA92D82DE5300AEED2F /* Frameworks */,
				7C4BACA82D82DCFB00AEED2F /* StereographicUI */,
				7C88DCEE2D6E1CC100E61076 /* Products */,
			);
			sourceTree = "<group>";
		};
		7C88DCEE2D6E1CC100E61076 /* Products */ = {
			isa = PBXGroup;
			children = (
				7C88DCED2D6E1CC100E61076 /* FiloClock.app */,
			);
			name = Products;
			sourceTree = "<group>";
		};
		7C88DD002D6E1CC700E61076 /* Preview Content */ = {
			isa = PBXGroup;
			children = (
				7C88DCFF2D6E1CC700E61076 /* Preview Assets.xcassets */,
			);
			path = "Preview Content";
			sourceTree = "<group>";
		};
		7C88DD052D6E1CC700E61076 /* FiloClock */ = {
			isa = PBXGroup;
			children = (
				7C88DD042D6E1CC700E61076 /* FiloClockApp.swift */,
				7C9B4DC92D72FDE700198684 /* Views */,
				7C33B8532D7F404800590229 /* EPHModel */,
				7C4BACAE2D82E1CA00AEED2F /* Helpers */,
				7C10811D2D78C1CB0002B941 /* Extensions */,
				7C9B4DCF2D72FE3000198684 /* Resources */,
			);
			path = FiloClock;
			sourceTree = "<group>";
		};
		7C9B4DC92D72FDE700198684 /* Views */ = {
			isa = PBXGroup;
			children = (
				7CFFDFC62D70D55900511946 /* MainView.swift */,
				7C9B4DC42D72F88F00198684 /* ControlBox.swift */,
				7C33B8632D819CAD00590229 /* Horologiums */,
				7CF9ADC32D7E0C2700D307F7 /* StarProjections */,
			);
			path = Views;
			sourceTree = "<group>";
		};
		7C9B4DCB2D72FDF700198684 /* Components */ = {
			isa = PBXGroup;
			children = (
				7C1081182D78B9F50002B941 /* Sun.swift */,
				7C88DD0A2D6E24D600E61076 /* SolarTimeClockHand.swift */,
				7C8AA03B2D6F114500B75321 /* WatchCrown.swift */,
				7CFFDFC22D70D4EB00511946 /* SunsetHorizons.swift */,
				7CDF988C2D75B69C00F3EA72 /* EquatorAndTropicsProjection.swift */,
				7C8DC0FA2D7AE31300E39224 /* GridProjection.swift */,
			);
			path = Components;
			sourceTree = "<group>";
		};
		7C9B4DCF2D72FE3000198684 /* Resources */ = {
			isa = PBXGroup;
			children = (
				7C88DD002D6E1CC700E61076 /* Preview Content */,
				7C88DD032D6E1CC700E61076 /* FiloClock.entitlements */,
				7C88DD012D6E1CC700E61076 /* Assets.xcassets */,
				7C33B85A2D7F435F00590229 /* bsc5.json */,
			);
			path = Resources;
			sourceTree = "<group>";
		};
		7CF9ADC32D7E0C2700D307F7 /* StarProjections */ = {
			isa = PBXGroup;
			children = (
				7C8DC0FC2D7C38C300E39224 /* EPHStarProjection.swift */,
			);
			path = StarProjections;
			sourceTree = "<group>";
		};
/* End PBXGroup section */

/* Begin PBXNativeTarget section */
		7C88DCEC2D6E1CC100E61076 /* FiloClock */ = {
			isa = PBXNativeTarget;
			buildConfigurationList = 7C88DCFC2D6E1CC200E61076 /* Build configuration list for PBXNativeTarget "FiloClock" */;
			buildPhases = (
				7C88DCE92D6E1CC100E61076 /* Sources */,
				7C88DCEA2D6E1CC100E61076 /* Frameworks */,
				7C88DCEB2D6E1CC100E61076 /* Resources */,
			);
			buildRules = (
			);
			dependencies = (
			);
			name = FiloClock;
			packageProductDependencies = (
				7C4BACAA2D82DE5300AEED2F /* StereographicUI */,
			);
			productName = FiloClock;
			productReference = 7C88DCED2D6E1CC100E61076 /* FiloClock.app */;
			productType = "com.apple.product-type.application";
		};
/* End PBXNativeTarget section */

/* Begin PBXProject section */
		7C88DCE52D6E1CC100E61076 /* Project object */ = {
			isa = PBXProject;
			attributes = {
				BuildIndependentTargetsInParallel = 1;
				LastSwiftUpdateCheck = 1620;
				LastUpgradeCheck = 1620;
				TargetAttributes = {
					7C88DCEC2D6E1CC100E61076 = {
						CreatedOnToolsVersion = 16.2;
					};
				};
			};
			buildConfigurationList = 7C88DCE82D6E1CC100E61076 /* Build configuration list for PBXProject "FiloClock" */;
			developmentRegion = en;
			hasScannedForEncodings = 0;
			knownRegions = (
				en,
				Base,
			);
			mainGroup = 7C88DCE42D6E1CC100E61076;
			minimizedProjectReferenceProxies = 1;
			packageReferences = (
			);
			preferredProjectObjectVersion = 77;
			productRefGroup = 7C88DCEE2D6E1CC100E61076 /* Products */;
			projectDirPath = "";
			projectRoot = "";
			targets = (
				7C88DCEC2D6E1CC100E61076 /* FiloClock */,
			);
		};
/* End PBXProject section */

/* Begin PBXResourcesBuildPhase section */
		7C88DCEB2D6E1CC100E61076 /* Resources */ = {
			isa = PBXResourcesBuildPhase;
			buildActionMask = 2147483647;
			files = (
				7C88DD082D6E1CC700E61076 /* Preview Assets.xcassets in Resources */,
				7C88DD092D6E1CC700E61076 /* Assets.xcassets in Resources */,
				7C33B85B2D7F435F00590229 /* bsc5.json in Resources */,
			);
			runOnlyForDeploymentPostprocessing = 0;
		};
/* End PBXResourcesBuildPhase section */

/* Begin PBXSourcesBuildPhase section */
		7C88DCE92D6E1CC100E61076 /* Sources */ = {
			isa = PBXSourcesBuildPhase;
			buildActionMask = 2147483647;
			files = (
				7C1081192D78B9F50002B941 /* Sun.swift in Sources */,
				7CFFDFC32D70D4EB00511946 /* SunsetHorizons.swift in Sources */,
				7C33B84D2D7EE09700590229 /* Horologium.swift in Sources */,
				7C33B8552D7F405400590229 /* StarData.swift in Sources */,
				7C8AA03A2D6F0E7300B75321 /* SunMoonData.swift in Sources */,
				7CDF988E2D75B69C00F3EA72 /* EquatorAndTropicsProjection.swift in Sources */,
				7C8AA03C2D6F114500B75321 /* WatchCrown.swift in Sources */,
				7C33B8512D7F400A00590229 /* EPHConstellation.swift in Sources */,
				7C33B8602D80221600590229 /* EPHZodiacSign.swift in Sources */,
				7C33B84F2D7F3A6200590229 /* EPHStar.swift in Sources */,
				7C8DC0FB2D7AE31300E39224 /* GridProjection.swift in Sources */,
				7C8DC0FD2D7C38C300E39224 /* EPHStarProjection.swift in Sources */,
				7C88DD0B2D6E24D600E61076 /* SolarTimeClockHand.swift in Sources */,
				7C4BACB52D82F29E00AEED2F /* Angle+Ext.swift in Sources */,
				7CFFDFC72D70D55900511946 /* MainView.swift in Sources */,
				7C33B8572D7F407600590229 /* StarDatabase.swift in Sources */,
				7C9B4DC52D72F88F00198684 /* ControlBox.swift in Sources */,
				7C4BACAF2D82E1CA00AEED2F /* JSONListView.swift in Sources */,
				7C88DD072D6E1CC700E61076 /* FiloClockApp.swift in Sources */,
				7C2464022D7CB3B600C4E29A /* EPHHRClass.swift in Sources */,
			);
			runOnlyForDeploymentPostprocessing = 0;
		};
/* End PBXSourcesBuildPhase section */

/* Begin XCBuildConfiguration section */
		7C88DCFA2D6E1CC200E61076 /* Debug */ = {
			isa = XCBuildConfiguration;
			buildSettings = {
				ALWAYS_SEARCH_USER_PATHS = NO;
				ASSETCATALOG_COMPILER_GENERATE_SWIFT_ASSET_SYMBOL_EXTENSIONS = YES;
				CLANG_ANALYZER_NONNULL = YES;
				CLANG_ANALYZER_NUMBER_OBJECT_CONVERSION = YES_AGGRESSIVE;
				CLANG_CXX_LANGUAGE_STANDARD = "gnu++20";
				CLANG_ENABLE_MODULES = YES;
				CLANG_ENABLE_OBJC_ARC = YES;
				CLANG_ENABLE_OBJC_WEAK = YES;
				CLANG_WARN_BLOCK_CAPTURE_AUTORELEASING = YES;
				CLANG_WARN_BOOL_CONVERSION = YES;
				CLANG_WARN_COMMA = YES;
				CLANG_WARN_CONSTANT_CONVERSION = YES;
				CLANG_WARN_DEPRECATED_OBJC_IMPLEMENTATIONS = YES;
				CLANG_WARN_DIRECT_OBJC_ISA_USAGE = YES_ERROR;
				CLANG_WARN_DOCUMENTATION_COMMENTS = YES;
				CLANG_WARN_EMPTY_BODY = YES;
				CLANG_WARN_ENUM_CONVERSION = YES;
				CLANG_WARN_INFINITE_RECURSION = YES;
				CLANG_WARN_INT_CONVERSION = YES;
				CLANG_WARN_NON_LITERAL_NULL_CONVERSION = YES;
				CLANG_WARN_OBJC_IMPLICIT_RETAIN_SELF = YES;
				CLANG_WARN_OBJC_LITERAL_CONVERSION = YES;
				CLANG_WARN_OBJC_ROOT_CLASS = YES_ERROR;
				CLANG_WARN_QUOTED_INCLUDE_IN_FRAMEWORK_HEADER = YES;
				CLANG_WARN_RANGE_LOOP_ANALYSIS = YES;
				CLANG_WARN_STRICT_PROTOTYPES = YES;
				CLANG_WARN_SUSPICIOUS_MOVE = YES;
				CLANG_WARN_UNGUARDED_AVAILABILITY = YES_AGGRESSIVE;
				CLANG_WARN_UNREACHABLE_CODE = YES;
				CLANG_WARN__DUPLICATE_METHOD_MATCH = YES;
				COPY_PHASE_STRIP = NO;
				DEBUG_INFORMATION_FORMAT = dwarf;
				ENABLE_STRICT_OBJC_MSGSEND = YES;
				ENABLE_TESTABILITY = YES;
				ENABLE_USER_SCRIPT_SANDBOXING = YES;
				GCC_C_LANGUAGE_STANDARD = gnu17;
				GCC_DYNAMIC_NO_PIC = NO;
				GCC_NO_COMMON_BLOCKS = YES;
				GCC_OPTIMIZATION_LEVEL = 0;
				GCC_PREPROCESSOR_DEFINITIONS = (
					"DEBUG=1",
					"$(inherited)",
				);
				GCC_WARN_64_TO_32_BIT_CONVERSION = YES;
				GCC_WARN_ABOUT_RETURN_TYPE = YES_ERROR;
				GCC_WARN_UNDECLARED_SELECTOR = YES;
				GCC_WARN_UNINITIALIZED_AUTOS = YES_AGGRESSIVE;
				GCC_WARN_UNUSED_FUNCTION = YES;
				GCC_WARN_UNUSED_VARIABLE = YES;
				LOCALIZATION_PREFERS_STRING_CATALOGS = YES;
				MTL_ENABLE_DEBUG_INFO = INCLUDE_SOURCE;
				MTL_FAST_MATH = YES;
				ONLY_ACTIVE_ARCH = YES;
				SWIFT_ACTIVE_COMPILATION_CONDITIONS = "DEBUG $(inherited)";
				SWIFT_OPTIMIZATION_LEVEL = "-Onone";
			};
			name = Debug;
		};
		7C88DCFB2D6E1CC200E61076 /* Release */ = {
			isa = XCBuildConfiguration;
			buildSettings = {
				ALWAYS_SEARCH_USER_PATHS = NO;
				ASSETCATALOG_COMPILER_GENERATE_SWIFT_ASSET_SYMBOL_EXTENSIONS = YES;
				CLANG_ANALYZER_NONNULL = YES;
				CLANG_ANALYZER_NUMBER_OBJECT_CONVERSION = YES_AGGRESSIVE;
				CLANG_CXX_LANGUAGE_STANDARD = "gnu++20";
				CLANG_ENABLE_MODULES = YES;
				CLANG_ENABLE_OBJC_ARC = YES;
				CLANG_ENABLE_OBJC_WEAK = YES;
				CLANG_WARN_BLOCK_CAPTURE_AUTORELEASING = YES;
				CLANG_WARN_BOOL_CONVERSION = YES;
				CLANG_WARN_COMMA = YES;
				CLANG_WARN_CONSTANT_CONVERSION = YES;
				CLANG_WARN_DEPRECATED_OBJC_IMPLEMENTATIONS = YES;
				CLANG_WARN_DIRECT_OBJC_ISA_USAGE = YES_ERROR;
				CLANG_WARN_DOCUMENTATION_COMMENTS = YES;
				CLANG_WARN_EMPTY_BODY = YES;
				CLANG_WARN_ENUM_CONVERSION = YES;
				CLANG_WARN_INFINITE_RECURSION = YES;
				CLANG_WARN_INT_CONVERSION = YES;
				CLANG_WARN_NON_LITERAL_NULL_CONVERSION = YES;
				CLANG_WARN_OBJC_IMPLICIT_RETAIN_SELF = YES;
				CLANG_WARN_OBJC_LITERAL_CONVERSION = YES;
				CLANG_WARN_OBJC_ROOT_CLASS = YES_ERROR;
				CLANG_WARN_QUOTED_INCLUDE_IN_FRAMEWORK_HEADER = YES;
				CLANG_WARN_RANGE_LOOP_ANALYSIS = YES;
				CLANG_WARN_STRICT_PROTOTYPES = YES;
				CLANG_WARN_SUSPICIOUS_MOVE = YES;
				CLANG_WARN_UNGUARDED_AVAILABILITY = YES_AGGRESSIVE;
				CLANG_WARN_UNREACHABLE_CODE = YES;
				CLANG_WARN__DUPLICATE_METHOD_MATCH = YES;
				COPY_PHASE_STRIP = NO;
				DEBUG_INFORMATION_FORMAT = "dwarf-with-dsym";
				ENABLE_NS_ASSERTIONS = NO;
				ENABLE_STRICT_OBJC_MSGSEND = YES;
				ENABLE_USER_SCRIPT_SANDBOXING = YES;
				GCC_C_LANGUAGE_STANDARD = gnu17;
				GCC_NO_COMMON_BLOCKS = YES;
				GCC_WARN_64_TO_32_BIT_CONVERSION = YES;
				GCC_WARN_ABOUT_RETURN_TYPE = YES_ERROR;
				GCC_WARN_UNDECLARED_SELECTOR = YES;
				GCC_WARN_UNINITIALIZED_AUTOS = YES_AGGRESSIVE;
				GCC_WARN_UNUSED_FUNCTION = YES;
				GCC_WARN_UNUSED_VARIABLE = YES;
				LOCALIZATION_PREFERS_STRING_CATALOGS = YES;
				MTL_ENABLE_DEBUG_INFO = NO;
				MTL_FAST_MATH = YES;
				SWIFT_COMPILATION_MODE = wholemodule;
			};
			name = Release;
		};
		7C88DCFD2D6E1CC200E61076 /* Debug */ = {
			isa = XCBuildConfiguration;
			buildSettings = {
				ASSETCATALOG_COMPILER_APPICON_NAME = AppIcon;
				ASSETCATALOG_COMPILER_GLOBAL_ACCENT_COLOR_NAME = AccentColor;
				CODE_SIGN_ENTITLEMENTS = FiloClock/Resources/FiloClock.entitlements;
				CODE_SIGN_STYLE = Automatic;
				CURRENT_PROJECT_VERSION = 4;
				DEVELOPMENT_ASSET_PATHS = "\"FiloClock/Resources/Preview Content\"";
				DEVELOPMENT_TEAM = CLM5L23Y57;
				ENABLE_HARDENED_RUNTIME = YES;
				ENABLE_PREVIEWS = YES;
				GENERATE_INFOPLIST_FILE = YES;
				INFOPLIST_KEY_CFBundleDisplayName = "Filo'Clock";
				INFOPLIST_KEY_LSApplicationCategoryType = "";
				INFOPLIST_KEY_NSLocationWhenInUseUsageDescription = "Pwetty pwese?";
				"INFOPLIST_KEY_UIApplicationSceneManifest_Generation[sdk=iphoneos*]" = YES;
				"INFOPLIST_KEY_UIApplicationSceneManifest_Generation[sdk=iphonesimulator*]" = YES;
				"INFOPLIST_KEY_UIApplicationSupportsIndirectInputEvents[sdk=iphoneos*]" = YES;
				"INFOPLIST_KEY_UIApplicationSupportsIndirectInputEvents[sdk=iphonesimulator*]" = YES;
				"INFOPLIST_KEY_UILaunchScreen_Generation[sdk=iphoneos*]" = YES;
				"INFOPLIST_KEY_UILaunchScreen_Generation[sdk=iphonesimulator*]" = YES;
				"INFOPLIST_KEY_UIStatusBarStyle[sdk=iphoneos*]" = UIStatusBarStyleDefault;
				"INFOPLIST_KEY_UIStatusBarStyle[sdk=iphonesimulator*]" = UIStatusBarStyleDefault;
				INFOPLIST_KEY_UISupportedInterfaceOrientations = UIInterfaceOrientationPortrait;
				INFOPLIST_KEY_UISupportedInterfaceOrientations_iPad = "UIInterfaceOrientationLandscapeLeft UIInterfaceOrientationLandscapeRight UIInterfaceOrientationPortrait UIInterfaceOrientationPortraitUpsideDown";
				IPHONEOS_DEPLOYMENT_TARGET = 18.2;
				LD_RUNPATH_SEARCH_PATHS = "@executable_path/Frameworks";
				"LD_RUNPATH_SEARCH_PATHS[sdk=macosx*]" = "@executable_path/../Frameworks";
				MACOSX_DEPLOYMENT_TARGET = 15.2;
				MARKETING_VERSION = 1.5;
				PRODUCT_BUNDLE_IDENTIFIER = com.lorep.uk.FiloClock;
				PRODUCT_NAME = "$(TARGET_NAME)";
				SDKROOT = auto;
				SUPPORTED_PLATFORMS = "iphoneos iphonesimulator";
				SUPPORTS_MACCATALYST = NO;
				SUPPORTS_MAC_DESIGNED_FOR_IPHONE_IPAD = YES;
				SWIFT_EMIT_LOC_STRINGS = YES;
				SWIFT_VERSION = 5.0;
				TARGETED_DEVICE_FAMILY = "1,2";
				XROS_DEPLOYMENT_TARGET = 2.2;
			};
			name = Debug;
		};
		7C88DCFE2D6E1CC200E61076 /* Release */ = {
			isa = XCBuildConfiguration;
			buildSettings = {
				ASSETCATALOG_COMPILER_APPICON_NAME = AppIcon;
				ASSETCATALOG_COMPILER_GLOBAL_ACCENT_COLOR_NAME = AccentColor;
				CODE_SIGN_ENTITLEMENTS = FiloClock/Resources/FiloClock.entitlements;
				CODE_SIGN_STYLE = Automatic;
				CURRENT_PROJECT_VERSION = 4;
				DEVELOPMENT_ASSET_PATHS = "\"FiloClock/Resources/Preview Content\"";
				DEVELOPMENT_TEAM = CLM5L23Y57;
				ENABLE_HARDENED_RUNTIME = YES;
				ENABLE_PREVIEWS = YES;
				GENERATE_INFOPLIST_FILE = YES;
				INFOPLIST_KEY_CFBundleDisplayName = "Filo'Clock";
				INFOPLIST_KEY_LSApplicationCategoryType = "";
				INFOPLIST_KEY_NSLocationWhenInUseUsageDescription = "Pwetty pwese?";
				"INFOPLIST_KEY_UIApplicationSceneManifest_Generation[sdk=iphoneos*]" = YES;
				"INFOPLIST_KEY_UIApplicationSceneManifest_Generation[sdk=iphonesimulator*]" = YES;
				"INFOPLIST_KEY_UIApplicationSupportsIndirectInputEvents[sdk=iphoneos*]" = YES;
				"INFOPLIST_KEY_UIApplicationSupportsIndirectInputEvents[sdk=iphonesimulator*]" = YES;
				"INFOPLIST_KEY_UILaunchScreen_Generation[sdk=iphoneos*]" = YES;
				"INFOPLIST_KEY_UILaunchScreen_Generation[sdk=iphonesimulator*]" = YES;
				"INFOPLIST_KEY_UIStatusBarStyle[sdk=iphoneos*]" = UIStatusBarStyleDefault;
				"INFOPLIST_KEY_UIStatusBarStyle[sdk=iphonesimulator*]" = UIStatusBarStyleDefault;
				INFOPLIST_KEY_UISupportedInterfaceOrientations = UIInterfaceOrientationPortrait;
				INFOPLIST_KEY_UISupportedInterfaceOrientations_iPad = "UIInterfaceOrientationLandscapeLeft UIInterfaceOrientationLandscapeRight UIInterfaceOrientationPortrait UIInterfaceOrientationPortraitUpsideDown";
				IPHONEOS_DEPLOYMENT_TARGET = 18.2;
				LD_RUNPATH_SEARCH_PATHS = "@executable_path/Frameworks";
				"LD_RUNPATH_SEARCH_PATHS[sdk=macosx*]" = "@executable_path/../Frameworks";
				MACOSX_DEPLOYMENT_TARGET = 15.2;
				MARKETING_VERSION = 1.5;
				PRODUCT_BUNDLE_IDENTIFIER = com.lorep.uk.FiloClock;
				PRODUCT_NAME = "$(TARGET_NAME)";
				SDKROOT = auto;
				SUPPORTED_PLATFORMS = "iphoneos iphonesimulator";
				SUPPORTS_MACCATALYST = NO;
				SUPPORTS_MAC_DESIGNED_FOR_IPHONE_IPAD = YES;
				SWIFT_EMIT_LOC_STRINGS = YES;
				SWIFT_VERSION = 5.0;
				TARGETED_DEVICE_FAMILY = "1,2";
				XROS_DEPLOYMENT_TARGET = 2.2;
			};
			name = Release;
		};
/* End XCBuildConfiguration section */

/* Begin XCConfigurationList section */
		7C88DCE82D6E1CC100E61076 /* Build configuration list for PBXProject "FiloClock" */ = {
			isa = XCConfigurationList;
			buildConfigurations = (
				7C88DCFA2D6E1CC200E61076 /* Debug */,
				7C88DCFB2D6E1CC200E61076 /* Release */,
			);
			defaultConfigurationIsVisible = 0;
			defaultConfigurationName = Release;
		};
		7C88DCFC2D6E1CC200E61076 /* Build configuration list for PBXNativeTarget "FiloClock" */ = {
			isa = XCConfigurationList;
			buildConfigurations = (
				7C88DCFD2D6E1CC200E61076 /* Debug */,
				7C88DCFE2D6E1CC200E61076 /* Release */,
			);
			defaultConfigurationIsVisible = 0;
			defaultConfigurationName = Release;
		};
/* End XCConfigurationList section */

/* Begin XCSwiftPackageProductDependency section */
		7C4BACAA2D82DE5300AEED2F /* StereographicUI */ = {
			isa = XCSwiftPackageProductDependency;
			productName = StereographicUI;
		};
/* End XCSwiftPackageProductDependency section */
	};
	rootObject = 7C88DCE52D6E1CC100E61076 /* Project object */;
}
