// !$*UTF8*$!
{
	archiveVersion = 1;
	classes = {
	};
	objectVersion = 77;
	objects = {

/* Begin PBXBuildFile section */
		7C5B737D2D71A2360059528E /* LineOfLatitude.swift in Sources */ = {isa = PBXBuildFile; fileRef = 7C5B737C2D71A2360059528E /* LineOfLatitude.swift */; };
		7C5B737F2D71A6380059528E /* ZodiacSign.swift in Sources */ = {isa = PBXBuildFile; fileRef = 7C5B737E2D71A6380059528E /* ZodiacSign.swift */; };
		7C5B73812D71CF280059528E /* Zodiac.swift in Sources */ = {isa = PBXBuildFile; fileRef = 7C5B73802D71CF280059528E /* Zodiac.swift */; };
		7C88DD072D6E1CC700E61076 /* FiloClockApp.swift in Sources */ = {isa = PBXBuildFile; fileRef = 7C88DD042D6E1CC700E61076 /* FiloClockApp.swift */; };
		7C88DD082D6E1CC700E61076 /* Preview Assets.xcassets in Resources */ = {isa = PBXBuildFile; fileRef = 7C88DCFF2D6E1CC700E61076 /* Preview Assets.xcassets */; };
		7C88DD092D6E1CC700E61076 /* Assets.xcassets in Resources */ = {isa = PBXBuildFile; fileRef = 7C88DD012D6E1CC700E61076 /* Assets.xcassets */; };
		7C88DD0B2D6E24D600E61076 /* HourClockHand.swift in Sources */ = {isa = PBXBuildFile; fileRef = 7C88DD0A2D6E24D600E61076 /* HourClockHand.swift */; };
		7C8AA03A2D6F0E7300B75321 /* SunMoonData.swift in Sources */ = {isa = PBXBuildFile; fileRef = 7C8AA0392D6F0E7300B75321 /* SunMoonData.swift */; };
		7C8AA03C2D6F114500B75321 /* WatchCrownWith24Hours.swift in Sources */ = {isa = PBXBuildFile; fileRef = 7C8AA03B2D6F114500B75321 /* WatchCrownWith24Hours.swift */; };
		7C8AA0402D6F29D400B75321 /* FixedLatitudesBackground.swift in Sources */ = {isa = PBXBuildFile; fileRef = 7C8AA03F2D6F29D400B75321 /* FixedLatitudesBackground.swift */; };
		7C9B4DC52D72F88F00198684 /* ControlBox.swift in Sources */ = {isa = PBXBuildFile; fileRef = 7C9B4DC42D72F88F00198684 /* ControlBox.swift */; };
		7C9B4DC72D72F8F200198684 /* MainClock.swift in Sources */ = {isa = PBXBuildFile; fileRef = 7C9B4DC62D72F8F200198684 /* MainClock.swift */; };
		7CFFDFC32D70D4EB00511946 /* LatitudeDependentHorizons.swift in Sources */ = {isa = PBXBuildFile; fileRef = 7CFFDFC22D70D4EB00511946 /* LatitudeDependentHorizons.swift */; };
		7CFFDFC52D70D51D00511946 /* ProjectedSizeCalculator.swift in Sources */ = {isa = PBXBuildFile; fileRef = 7CFFDFC42D70D51D00511946 /* ProjectedSizeCalculator.swift */; };
		7CFFDFC72D70D55900511946 /* HorologiumHorizonTest.swift in Sources */ = {isa = PBXBuildFile; fileRef = 7CFFDFC62D70D55900511946 /* HorologiumHorizonTest.swift */; };
/* End PBXBuildFile section */

/* Begin PBXFileReference section */
		7C5B737C2D71A2360059528E /* LineOfLatitude.swift */ = {isa = PBXFileReference; lastKnownFileType = sourcecode.swift; path = LineOfLatitude.swift; sourceTree = "<group>"; };
		7C5B737E2D71A6380059528E /* ZodiacSign.swift */ = {isa = PBXFileReference; lastKnownFileType = sourcecode.swift; path = ZodiacSign.swift; sourceTree = "<group>"; };
		7C5B73802D71CF280059528E /* Zodiac.swift */ = {isa = PBXFileReference; lastKnownFileType = sourcecode.swift; path = Zodiac.swift; sourceTree = "<group>"; };
		7C88DCED2D6E1CC100E61076 /* FiloClock.app */ = {isa = PBXFileReference; explicitFileType = wrapper.application; includeInIndex = 0; path = FiloClock.app; sourceTree = BUILT_PRODUCTS_DIR; };
		7C88DCFF2D6E1CC700E61076 /* Preview Assets.xcassets */ = {isa = PBXFileReference; lastKnownFileType = folder.assetcatalog; path = "Preview Assets.xcassets"; sourceTree = "<group>"; };
		7C88DD012D6E1CC700E61076 /* Assets.xcassets */ = {isa = PBXFileReference; lastKnownFileType = folder.assetcatalog; path = Assets.xcassets; sourceTree = "<group>"; };
		7C88DD032D6E1CC700E61076 /* FiloClock.entitlements */ = {isa = PBXFileReference; lastKnownFileType = text.plist.entitlements; path = FiloClock.entitlements; sourceTree = "<group>"; };
		7C88DD042D6E1CC700E61076 /* FiloClockApp.swift */ = {isa = PBXFileReference; lastKnownFileType = sourcecode.swift; path = FiloClockApp.swift; sourceTree = "<group>"; };
		7C88DD0A2D6E24D600E61076 /* HourClockHand.swift */ = {isa = PBXFileReference; lastKnownFileType = sourcecode.swift; path = HourClockHand.swift; sourceTree = "<group>"; };
		7C8AA0392D6F0E7300B75321 /* SunMoonData.swift */ = {isa = PBXFileReference; lastKnownFileType = sourcecode.swift; path = SunMoonData.swift; sourceTree = "<group>"; };
		7C8AA03B2D6F114500B75321 /* WatchCrownWith24Hours.swift */ = {isa = PBXFileReference; lastKnownFileType = sourcecode.swift; path = WatchCrownWith24Hours.swift; sourceTree = "<group>"; };
		7C8AA03F2D6F29D400B75321 /* FixedLatitudesBackground.swift */ = {isa = PBXFileReference; lastKnownFileType = sourcecode.swift; path = FixedLatitudesBackground.swift; sourceTree = "<group>"; };
		7C9B4DC42D72F88F00198684 /* ControlBox.swift */ = {isa = PBXFileReference; lastKnownFileType = sourcecode.swift; path = ControlBox.swift; sourceTree = "<group>"; };
		7C9B4DC62D72F8F200198684 /* MainClock.swift */ = {isa = PBXFileReference; lastKnownFileType = sourcecode.swift; path = MainClock.swift; sourceTree = "<group>"; };
		7CFFDFC22D70D4EB00511946 /* LatitudeDependentHorizons.swift */ = {isa = PBXFileReference; lastKnownFileType = sourcecode.swift; path = LatitudeDependentHorizons.swift; sourceTree = "<group>"; };
		7CFFDFC42D70D51D00511946 /* ProjectedSizeCalculator.swift */ = {isa = PBXFileReference; lastKnownFileType = sourcecode.swift; path = ProjectedSizeCalculator.swift; sourceTree = "<group>"; };
		7CFFDFC62D70D55900511946 /* HorologiumHorizonTest.swift */ = {isa = PBXFileReference; lastKnownFileType = sourcecode.swift; path = HorologiumHorizonTest.swift; sourceTree = "<group>"; };
/* End PBXFileReference section */

/* Begin PBXFrameworksBuildPhase section */
		7C88DCEA2D6E1CC100E61076 /* Frameworks */ = {
			isa = PBXFrameworksBuildPhase;
			buildActionMask = 2147483647;
			files = (
			);
			runOnlyForDeploymentPostprocessing = 0;
		};
/* End PBXFrameworksBuildPhase section */

/* Begin PBXGroup section */
		7C88DCE42D6E1CC100E61076 = {
			isa = PBXGroup;
			children = (
				7C88DD052D6E1CC700E61076 /* FiloClock */,
				7C88DCEE2D6E1CC100E61076 /* Products */,
			);
			sourceTree = "<group>";
		};
		7C88DCEE2D6E1CC100E61076 /* Products */ = {
			isa = PBXGroup;
			children = (
				7C88DCED2D6E1CC100E61076 /* FiloClock.app */,
			);
			name = Products;
			sourceTree = "<group>";
		};
		7C88DD002D6E1CC700E61076 /* Preview Content */ = {
			isa = PBXGroup;
			children = (
				7C88DCFF2D6E1CC700E61076 /* Preview Assets.xcassets */,
			);
			path = "Preview Content";
			sourceTree = "<group>";
		};
		7C88DD052D6E1CC700E61076 /* FiloClock */ = {
			isa = PBXGroup;
			children = (
				7C88DD042D6E1CC700E61076 /* FiloClockApp.swift */,
				7CFFDFC62D70D55900511946 /* HorologiumHorizonTest.swift */,
				7C9B4DC92D72FDE700198684 /* Views */,
				7CFFDFC92D70D58F00511946 /* Model */,
				7C9B4DCF2D72FE3000198684 /* Resources */,
			);
			path = FiloClock;
			sourceTree = "<group>";
		};
		7C9B4DC92D72FDE700198684 /* Views */ = {
			isa = PBXGroup;
			children = (
				7C9B4DCD2D72FE1A00198684 /* MainViews */,
				7C9B4DCB2D72FDF700198684 /* Components */,
			);
			path = Views;
			sourceTree = "<group>";
		};
		7C9B4DCB2D72FDF700198684 /* Components */ = {
			isa = PBXGroup;
			children = (
				7C8AA03B2D6F114500B75321 /* WatchCrownWith24Hours.swift */,
				7C88DD0A2D6E24D600E61076 /* HourClockHand.swift */,
				7C5B73802D71CF280059528E /* Zodiac.swift */,
				7C8AA03F2D6F29D400B75321 /* FixedLatitudesBackground.swift */,
				7CFFDFC22D70D4EB00511946 /* LatitudeDependentHorizons.swift */,
				7C5B737C2D71A2360059528E /* LineOfLatitude.swift */,
			);
			path = Components;
			sourceTree = "<group>";
		};
		7C9B4DCD2D72FE1A00198684 /* MainViews */ = {
			isa = PBXGroup;
			children = (
				7C9B4DC62D72F8F200198684 /* MainClock.swift */,
				7C9B4DC42D72F88F00198684 /* ControlBox.swift */,
			);
			path = MainViews;
			sourceTree = "<group>";
		};
		7C9B4DCF2D72FE3000198684 /* Resources */ = {
			isa = PBXGroup;
			children = (
				7C88DD032D6E1CC700E61076 /* FiloClock.entitlements */,
				7C88DD002D6E1CC700E61076 /* Preview Content */,
				7C88DD012D6E1CC700E61076 /* Assets.xcassets */,
			);
			path = Resources;
			sourceTree = "<group>";
		};
		7CFFDFC92D70D58F00511946 /* Model */ = {
			isa = PBXGroup;
			children = (
				7CFFDFC42D70D51D00511946 /* ProjectedSizeCalculator.swift */,
				7C8AA0392D6F0E7300B75321 /* SunMoonData.swift */,
				7C5B737E2D71A6380059528E /* ZodiacSign.swift */,
			);
			path = Model;
			sourceTree = "<group>";
		};
/* End PBXGroup section */

/* Begin PBXNativeTarget section */
		7C88DCEC2D6E1CC100E61076 /* FiloClock */ = {
			isa = PBXNativeTarget;
			buildConfigurationList = 7C88DCFC2D6E1CC200E61076 /* Build configuration list for PBXNativeTarget "FiloClock" */;
			buildPhases = (
				7C88DCE92D6E1CC100E61076 /* Sources */,
				7C88DCEA2D6E1CC100E61076 /* Frameworks */,
				7C88DCEB2D6E1CC100E61076 /* Resources */,
			);
			buildRules = (
			);
			dependencies = (
			);
			name = FiloClock;
			packageProductDependencies = (
			);
			productName = FiloClock;
			productReference = 7C88DCED2D6E1CC100E61076 /* FiloClock.app */;
			productType = "com.apple.product-type.application";
		};
/* End PBXNativeTarget section */

/* Begin PBXProject section */
		7C88DCE52D6E1CC100E61076 /* Project object */ = {
			isa = PBXProject;
			attributes = {
				BuildIndependentTargetsInParallel = 1;
				LastSwiftUpdateCheck = 1620;
				LastUpgradeCheck = 1620;
				TargetAttributes = {
					7C88DCEC2D6E1CC100E61076 = {
						CreatedOnToolsVersion = 16.2;
					};
				};
			};
			buildConfigurationList = 7C88DCE82D6E1CC100E61076 /* Build configuration list for PBXProject "FiloClock" */;
			developmentRegion = en;
			hasScannedForEncodings = 0;
			knownRegions = (
				en,
				Base,
			);
			mainGroup = 7C88DCE42D6E1CC100E61076;
			minimizedProjectReferenceProxies = 1;
			preferredProjectObjectVersion = 77;
			productRefGroup = 7C88DCEE2D6E1CC100E61076 /* Products */;
			projectDirPath = "";
			projectRoot = "";
			targets = (
				7C88DCEC2D6E1CC100E61076 /* FiloClock */,
			);
		};
/* End PBXProject section */

/* Begin PBXResourcesBuildPhase section */
		7C88DCEB2D6E1CC100E61076 /* Resources */ = {
			isa = PBXResourcesBuildPhase;
			buildActionMask = 2147483647;
			files = (
				7C88DD082D6E1CC700E61076 /* Preview Assets.xcassets in Resources */,
				7C88DD092D6E1CC700E61076 /* Assets.xcassets in Resources */,
			);
			runOnlyForDeploymentPostprocessing = 0;
		};
/* End PBXResourcesBuildPhase section */

/* Begin PBXSourcesBuildPhase section */
		7C88DCE92D6E1CC100E61076 /* Sources */ = {
			isa = PBXSourcesBuildPhase;
			buildActionMask = 2147483647;
			files = (
				7CFFDFC32D70D4EB00511946 /* LatitudeDependentHorizons.swift in Sources */,
				7C8AA0402D6F29D400B75321 /* FixedLatitudesBackground.swift in Sources */,
				7C8AA03A2D6F0E7300B75321 /* SunMoonData.swift in Sources */,
				7CFFDFC52D70D51D00511946 /* ProjectedSizeCalculator.swift in Sources */,
				7C8AA03C2D6F114500B75321 /* WatchCrownWith24Hours.swift in Sources */,
				7C5B737D2D71A2360059528E /* LineOfLatitude.swift in Sources */,
				7C88DD0B2D6E24D600E61076 /* HourClockHand.swift in Sources */,
				7CFFDFC72D70D55900511946 /* HorologiumHorizonTest.swift in Sources */,
				7C5B73812D71CF280059528E /* Zodiac.swift in Sources */,
				7C9B4DC52D72F88F00198684 /* ControlBox.swift in Sources */,
				7C5B737F2D71A6380059528E /* ZodiacSign.swift in Sources */,
				7C9B4DC72D72F8F200198684 /* MainClock.swift in Sources */,
				7C88DD072D6E1CC700E61076 /* FiloClockApp.swift in Sources */,
			);
			runOnlyForDeploymentPostprocessing = 0;
		};
/* End PBXSourcesBuildPhase section */

/* Begin XCBuildConfiguration section */
		7C88DCFA2D6E1CC200E61076 /* Debug */ = {
			isa = XCBuildConfiguration;
			buildSettings = {
				ALWAYS_SEARCH_USER_PATHS = NO;
				ASSETCATALOG_COMPILER_GENERATE_SWIFT_ASSET_SYMBOL_EXTENSIONS = YES;
				CLANG_ANALYZER_NONNULL = YES;
				CLANG_ANALYZER_NUMBER_OBJECT_CONVERSION = YES_AGGRESSIVE;
				CLANG_CXX_LANGUAGE_STANDARD = "gnu++20";
				CLANG_ENABLE_MODULES = YES;
				CLANG_ENABLE_OBJC_ARC = YES;
				CLANG_ENABLE_OBJC_WEAK = YES;
				CLANG_WARN_BLOCK_CAPTURE_AUTORELEASING = YES;
				CLANG_WARN_BOOL_CONVERSION = YES;
				CLANG_WARN_COMMA = YES;
				CLANG_WARN_CONSTANT_CONVERSION = YES;
				CLANG_WARN_DEPRECATED_OBJC_IMPLEMENTATIONS = YES;
				CLANG_WARN_DIRECT_OBJC_ISA_USAGE = YES_ERROR;
				CLANG_WARN_DOCUMENTATION_COMMENTS = YES;
				CLANG_WARN_EMPTY_BODY = YES;
				CLANG_WARN_ENUM_CONVERSION = YES;
				CLANG_WARN_INFINITE_RECURSION = YES;
				CLANG_WARN_INT_CONVERSION = YES;
				CLANG_WARN_NON_LITERAL_NULL_CONVERSION = YES;
				CLANG_WARN_OBJC_IMPLICIT_RETAIN_SELF = YES;
				CLANG_WARN_OBJC_LITERAL_CONVERSION = YES;
				CLANG_WARN_OBJC_ROOT_CLASS = YES_ERROR;
				CLANG_WARN_QUOTED_INCLUDE_IN_FRAMEWORK_HEADER = YES;
				CLANG_WARN_RANGE_LOOP_ANALYSIS = YES;
				CLANG_WARN_STRICT_PROTOTYPES = YES;
				CLANG_WARN_SUSPICIOUS_MOVE = YES;
				CLANG_WARN_UNGUARDED_AVAILABILITY = YES_AGGRESSIVE;
				CLANG_WARN_UNREACHABLE_CODE = YES;
				CLANG_WARN__DUPLICATE_METHOD_MATCH = YES;
				COPY_PHASE_STRIP = NO;
				DEBUG_INFORMATION_FORMAT = dwarf;
				ENABLE_STRICT_OBJC_MSGSEND = YES;
				ENABLE_TESTABILITY = YES;
				ENABLE_USER_SCRIPT_SANDBOXING = YES;
				GCC_C_LANGUAGE_STANDARD = gnu17;
				GCC_DYNAMIC_NO_PIC = NO;
				GCC_NO_COMMON_BLOCKS = YES;
				GCC_OPTIMIZATION_LEVEL = 0;
				GCC_PREPROCESSOR_DEFINITIONS = (
					"DEBUG=1",
					"$(inherited)",
				);
				GCC_WARN_64_TO_32_BIT_CONVERSION = YES;
				GCC_WARN_ABOUT_RETURN_TYPE = YES_ERROR;
				GCC_WARN_UNDECLARED_SELECTOR = YES;
				GCC_WARN_UNINITIALIZED_AUTOS = YES_AGGRESSIVE;
				GCC_WARN_UNUSED_FUNCTION = YES;
				GCC_WARN_UNUSED_VARIABLE = YES;
				LOCALIZATION_PREFERS_STRING_CATALOGS = YES;
				MTL_ENABLE_DEBUG_INFO = INCLUDE_SOURCE;
				MTL_FAST_MATH = YES;
				ONLY_ACTIVE_ARCH = YES;
				SWIFT_ACTIVE_COMPILATION_CONDITIONS = "DEBUG $(inherited)";
				SWIFT_OPTIMIZATION_LEVEL = "-Onone";
			};
			name = Debug;
		};
		7C88DCFB2D6E1CC200E61076 /* Release */ = {
			isa = XCBuildConfiguration;
			buildSettings = {
				ALWAYS_SEARCH_USER_PATHS = NO;
				ASSETCATALOG_COMPILER_GENERATE_SWIFT_ASSET_SYMBOL_EXTENSIONS = YES;
				CLANG_ANALYZER_NONNULL = YES;
				CLANG_ANALYZER_NUMBER_OBJECT_CONVERSION = YES_AGGRESSIVE;
				CLANG_CXX_LANGUAGE_STANDARD = "gnu++20";
				CLANG_ENABLE_MODULES = YES;
				CLANG_ENABLE_OBJC_ARC = YES;
				CLANG_ENABLE_OBJC_WEAK = YES;
				CLANG_WARN_BLOCK_CAPTURE_AUTORELEASING = YES;
				CLANG_WARN_BOOL_CONVERSION = YES;
				CLANG_WARN_COMMA = YES;
				CLANG_WARN_CONSTANT_CONVERSION = YES;
				CLANG_WARN_DEPRECATED_OBJC_IMPLEMENTATIONS = YES;
				CLANG_WARN_DIRECT_OBJC_ISA_USAGE = YES_ERROR;
				CLANG_WARN_DOCUMENTATION_COMMENTS = YES;
				CLANG_WARN_EMPTY_BODY = YES;
				CLANG_WARN_ENUM_CONVERSION = YES;
				CLANG_WARN_INFINITE_RECURSION = YES;
				CLANG_WARN_INT_CONVERSION = YES;
				CLANG_WARN_NON_LITERAL_NULL_CONVERSION = YES;
				CLANG_WARN_OBJC_IMPLICIT_RETAIN_SELF = YES;
				CLANG_WARN_OBJC_LITERAL_CONVERSION = YES;
				CLANG_WARN_OBJC_ROOT_CLASS = YES_ERROR;
				CLANG_WARN_QUOTED_INCLUDE_IN_FRAMEWORK_HEADER = YES;
				CLANG_WARN_RANGE_LOOP_ANALYSIS = YES;
				CLANG_WARN_STRICT_PROTOTYPES = YES;
				CLANG_WARN_SUSPICIOUS_MOVE = YES;
				CLANG_WARN_UNGUARDED_AVAILABILITY = YES_AGGRESSIVE;
				CLANG_WARN_UNREACHABLE_CODE = YES;
				CLANG_WARN__DUPLICATE_METHOD_MATCH = YES;
				COPY_PHASE_STRIP = NO;
				DEBUG_INFORMATION_FORMAT = "dwarf-with-dsym";
				ENABLE_NS_ASSERTIONS = NO;
				ENABLE_STRICT_OBJC_MSGSEND = YES;
				ENABLE_USER_SCRIPT_SANDBOXING = YES;
				GCC_C_LANGUAGE_STANDARD = gnu17;
				GCC_NO_COMMON_BLOCKS = YES;
				GCC_WARN_64_TO_32_BIT_CONVERSION = YES;
				GCC_WARN_ABOUT_RETURN_TYPE = YES_ERROR;
				GCC_WARN_UNDECLARED_SELECTOR = YES;
				GCC_WARN_UNINITIALIZED_AUTOS = YES_AGGRESSIVE;
				GCC_WARN_UNUSED_FUNCTION = YES;
				GCC_WARN_UNUSED_VARIABLE = YES;
				LOCALIZATION_PREFERS_STRING_CATALOGS = YES;
				MTL_ENABLE_DEBUG_INFO = NO;
				MTL_FAST_MATH = YES;
				SWIFT_COMPILATION_MODE = wholemodule;
			};
			name = Release;
		};
		7C88DCFD2D6E1CC200E61076 /* Debug */ = {
			isa = XCBuildConfiguration;
			buildSettings = {
				ASSETCATALOG_COMPILER_APPICON_NAME = AppIcon;
				ASSETCATALOG_COMPILER_GLOBAL_ACCENT_COLOR_NAME = AccentColor;
				CODE_SIGN_ENTITLEMENTS = FiloClock/Resources/FiloClock.entitlements;
				CODE_SIGN_STYLE = Automatic;
				CURRENT_PROJECT_VERSION = 1;
				DEVELOPMENT_ASSET_PATHS = "\"FiloClock/Resources/Preview Content\"";
				DEVELOPMENT_TEAM = CLM5L23Y57;
				ENABLE_HARDENED_RUNTIME = YES;
				ENABLE_PREVIEWS = YES;
				GENERATE_INFOPLIST_FILE = YES;
				INFOPLIST_KEY_CFBundleDisplayName = "Filo'Clock";
				INFOPLIST_KEY_LSApplicationCategoryType = "";
				INFOPLIST_KEY_NSLocationWhenInUseUsageDescription = "Pwetty pwese?";
				"INFOPLIST_KEY_UIApplicationSceneManifest_Generation[sdk=iphoneos*]" = YES;
				"INFOPLIST_KEY_UIApplicationSceneManifest_Generation[sdk=iphonesimulator*]" = YES;
				"INFOPLIST_KEY_UIApplicationSupportsIndirectInputEvents[sdk=iphoneos*]" = YES;
				"INFOPLIST_KEY_UIApplicationSupportsIndirectInputEvents[sdk=iphonesimulator*]" = YES;
				"INFOPLIST_KEY_UILaunchScreen_Generation[sdk=iphoneos*]" = YES;
				"INFOPLIST_KEY_UILaunchScreen_Generation[sdk=iphonesimulator*]" = YES;
				"INFOPLIST_KEY_UIStatusBarStyle[sdk=iphoneos*]" = UIStatusBarStyleDefault;
				"INFOPLIST_KEY_UIStatusBarStyle[sdk=iphonesimulator*]" = UIStatusBarStyleDefault;
				INFOPLIST_KEY_UISupportedInterfaceOrientations = UIInterfaceOrientationPortrait;
				INFOPLIST_KEY_UISupportedInterfaceOrientations_iPad = "UIInterfaceOrientationLandscapeLeft UIInterfaceOrientationLandscapeRight UIInterfaceOrientationPortrait UIInterfaceOrientationPortraitUpsideDown";
				IPHONEOS_DEPLOYMENT_TARGET = 18.2;
				LD_RUNPATH_SEARCH_PATHS = "@executable_path/Frameworks";
				"LD_RUNPATH_SEARCH_PATHS[sdk=macosx*]" = "@executable_path/../Frameworks";
				MACOSX_DEPLOYMENT_TARGET = 15.2;
				MARKETING_VERSION = 1.0.1;
				PRODUCT_BUNDLE_IDENTIFIER = com.lorep.uk.FiloClock;
				PRODUCT_NAME = "$(TARGET_NAME)";
				SDKROOT = auto;
				SUPPORTED_PLATFORMS = "iphoneos iphonesimulator";
				SUPPORTS_MACCATALYST = NO;
				SWIFT_EMIT_LOC_STRINGS = YES;
				SWIFT_VERSION = 5.0;
				TARGETED_DEVICE_FAMILY = "1,2";
				XROS_DEPLOYMENT_TARGET = 2.2;
			};
			name = Debug;
		};
		7C88DCFE2D6E1CC200E61076 /* Release */ = {
			isa = XCBuildConfiguration;
			buildSettings = {
				ASSETCATALOG_COMPILER_APPICON_NAME = AppIcon;
				ASSETCATALOG_COMPILER_GLOBAL_ACCENT_COLOR_NAME = AccentColor;
				CODE_SIGN_ENTITLEMENTS = FiloClock/Resources/FiloClock.entitlements;
				CODE_SIGN_STYLE = Automatic;
				CURRENT_PROJECT_VERSION = 1;
				DEVELOPMENT_ASSET_PATHS = "\"FiloClock/Resources/Preview Content\"";
				DEVELOPMENT_TEAM = CLM5L23Y57;
				ENABLE_HARDENED_RUNTIME = YES;
				ENABLE_PREVIEWS = YES;
				GENERATE_INFOPLIST_FILE = YES;
				INFOPLIST_KEY_CFBundleDisplayName = "Filo'Clock";
				INFOPLIST_KEY_LSApplicationCategoryType = "";
				INFOPLIST_KEY_NSLocationWhenInUseUsageDescription = "Pwetty pwese?";
				"INFOPLIST_KEY_UIApplicationSceneManifest_Generation[sdk=iphoneos*]" = YES;
				"INFOPLIST_KEY_UIApplicationSceneManifest_Generation[sdk=iphonesimulator*]" = YES;
				"INFOPLIST_KEY_UIApplicationSupportsIndirectInputEvents[sdk=iphoneos*]" = YES;
				"INFOPLIST_KEY_UIApplicationSupportsIndirectInputEvents[sdk=iphonesimulator*]" = YES;
				"INFOPLIST_KEY_UILaunchScreen_Generation[sdk=iphoneos*]" = YES;
				"INFOPLIST_KEY_UILaunchScreen_Generation[sdk=iphonesimulator*]" = YES;
				"INFOPLIST_KEY_UIStatusBarStyle[sdk=iphoneos*]" = UIStatusBarStyleDefault;
				"INFOPLIST_KEY_UIStatusBarStyle[sdk=iphonesimulator*]" = UIStatusBarStyleDefault;
				INFOPLIST_KEY_UISupportedInterfaceOrientations = UIInterfaceOrientationPortrait;
				INFOPLIST_KEY_UISupportedInterfaceOrientations_iPad = "UIInterfaceOrientationLandscapeLeft UIInterfaceOrientationLandscapeRight UIInterfaceOrientationPortrait UIInterfaceOrientationPortraitUpsideDown";
				IPHONEOS_DEPLOYMENT_TARGET = 18.2;
				LD_RUNPATH_SEARCH_PATHS = "@executable_path/Frameworks";
				"LD_RUNPATH_SEARCH_PATHS[sdk=macosx*]" = "@executable_path/../Frameworks";
				MACOSX_DEPLOYMENT_TARGET = 15.2;
				MARKETING_VERSION = 1.0.1;
				PRODUCT_BUNDLE_IDENTIFIER = com.lorep.uk.FiloClock;
				PRODUCT_NAME = "$(TARGET_NAME)";
				SDKROOT = auto;
				SUPPORTED_PLATFORMS = "iphoneos iphonesimulator";
				SUPPORTS_MACCATALYST = NO;
				SWIFT_EMIT_LOC_STRINGS = YES;
				SWIFT_VERSION = 5.0;
				TARGETED_DEVICE_FAMILY = "1,2";
				XROS_DEPLOYMENT_TARGET = 2.2;
			};
			name = Release;
		};
/* End XCBuildConfiguration section */

/* Begin XCConfigurationList section */
		7C88DCE82D6E1CC100E61076 /* Build configuration list for PBXProject "FiloClock" */ = {
			isa = XCConfigurationList;
			buildConfigurations = (
				7C88DCFA2D6E1CC200E61076 /* Debug */,
				7C88DCFB2D6E1CC200E61076 /* Release */,
			);
			defaultConfigurationIsVisible = 0;
			defaultConfigurationName = Release;
		};
		7C88DCFC2D6E1CC200E61076 /* Build configuration list for PBXNativeTarget "FiloClock" */ = {
			isa = XCConfigurationList;
			buildConfigurations = (
				7C88DCFD2D6E1CC200E61076 /* Debug */,
				7C88DCFE2D6E1CC200E61076 /* Release */,
			);
			defaultConfigurationIsVisible = 0;
			defaultConfigurationName = Release;
		};
/* End XCConfigurationList section */
	};
	rootObject = 7C88DCE52D6E1CC100E61076 /* Project object */;
}
